
Microsoft Visual Studio Solution File, Format Version 12.00
# Visual Studio Version 17
VisualStudioVersion = 17.7.34024.191
MinimumVisualStudioVersion = 10.0.40219.1
Project("{9A19103F-16F7-4668-BE54-9A1E7A4F7556}") = "day1", "day1\day1.csproj", "{BB4C82C5-3583-4BDA-A9D9-7724AFA676AD}"
EndProject
Project("{9A19103F-16F7-4668-BE54-9A1E7A4F7556}") = "day1part1", "day1part1\day1part1.csproj", "{F4406D7D-980A-4654-89EE-AD982B7263C1}"
EndProject
Project("{9A19103F-16F7-4668-BE54-9A1E7A4F7556}") = "day4", "day4\day4.csproj", "{9E613574-193E-4300-A7BF-E0DEA1DC7BA2}"
EndProject
Project("{9A19103F-16F7-4668-BE54-9A1E7A4F7556}") = "day5", "day5\day5.csproj", "{E6750A53-0159-4022-8C5D-3663653B8DD1}"
EndProject
Project("{9A19103F-16F7-4668-BE54-9A1E7A4F7556}") = "day6", "day6\day6.csproj", "{A7911C6C-F25A-41F4-89CB-1575FF725CF1}"
EndProject
Project("{9A19103F-16F7-4668-BE54-9A1E7A4F7556}") = "day7", "day7\day7.csproj", "{48A1F5B0-375A-4C2C-AF98-0E57156751A1}"
EndProject
Project("{FAE04EC0-301F-11D3-BF4B-00C04F79EFBC}") = "day8", "day8\day8.csproj", "{A5587F93-D50E-4EF4-84E9-1BA4020B7D66}"
EndProject
Global
	GlobalSection(SolutionConfigurationPlatforms) = preSolution
		Debug|Any CPU = Debug|Any CPU
		Release|Any CPU = Release|Any CPU
	EndGlobalSection
	GlobalSection(ProjectConfigurationPlatforms) = postSolution
		{BB4C82C5-3583-4BDA-A9D9-7724AFA676AD}.Debug|Any CPU.ActiveCfg = Debug|Any CPU
		{BB4C82C5-3583-4BDA-A9D9-7724AFA676AD}.Debug|Any CPU.Build.0 = Debug|Any CPU
		{BB4C82C5-3583-4BDA-A9D9-7724AFA676AD}.Release|Any CPU.ActiveCfg = Release|Any CPU
		{BB4C82C5-3583-4BDA-A9D9-7724AFA676AD}.Release|Any CPU.Build.0 = Release|Any CPU
		{F4406D7D-980A-4654-89EE-AD982B7263C1}.Debug|Any CPU.ActiveCfg = Debug|Any CPU
		{F4406D7D-980A-4654-89EE-AD982B7263C1}.Debug|Any CPU.Build.0 = Debug|Any CPU
		{F4406D7D-980A-4654-89EE-AD982B7263C1}.Release|Any CPU.ActiveCfg = Release|Any CPU
		{F4406D7D-980A-4654-89EE-AD982B7263C1}.Release|Any CPU.Build.0 = Release|Any CPU
		{9E613574-193E-4300-A7BF-E0DEA1DC7BA2}.Debug|Any CPU.ActiveCfg = Debug|Any CPU
		{9E613574-193E-4300-A7BF-E0DEA1DC7BA2}.Debug|Any CPU.Build.0 = Debug|Any CPU
		{9E613574-193E-4300-A7BF-E0DEA1DC7BA2}.Release|Any CPU.ActiveCfg = Release|Any CPU
		{9E613574-193E-4300-A7BF-E0DEA1DC7BA2}.Release|Any CPU.Build.0 = Release|Any CPU
		{E6750A53-0159-4022-8C5D-3663653B8DD1}.Debug|Any CPU.ActiveCfg = Debug|Any CPU
		{E6750A53-0159-4022-8C5D-3663653B8DD1}.Debug|Any CPU.Build.0 = Debug|Any CPU
		{E6750A53-0159-4022-8C5D-3663653B8DD1}.Release|Any CPU.ActiveCfg = Release|Any CPU
		{E6750A53-0159-4022-8C5D-3663653B8DD1}.Release|Any CPU.Build.0 = Release|Any CPU
		{A7911C6C-F25A-41F4-89CB-1575FF725CF1}.Debug|Any CPU.ActiveCfg = Debug|Any CPU
		{A7911C6C-F25A-41F4-89CB-1575FF725CF1}.Debug|Any CPU.Build.0 = Debug|Any CPU
		{A7911C6C-F25A-41F4-89CB-1575FF725CF1}.Release|Any CPU.ActiveCfg = Release|Any CPU
		{A7911C6C-F25A-41F4-89CB-1575FF725CF1}.Release|Any CPU.Build.0 = Release|Any CPU
		{48A1F5B0-375A-4C2C-AF98-0E57156751A1}.Debug|Any CPU.ActiveCfg = Debug|Any CPU
		{48A1F5B0-375A-4C2C-AF98-0E57156751A1}.Debug|Any CPU.Build.0 = Debug|Any CPU
		{48A1F5B0-375A-4C2C-AF98-0E57156751A1}.Release|Any CPU.ActiveCfg = Release|Any CPU
		{48A1F5B0-375A-4C2C-AF98-0E57156751A1}.Release|Any CPU.Build.0 = Release|Any CPU
		{A5587F93-D50E-4EF4-84E9-1BA4020B7D66}.Debug|Any CPU.ActiveCfg = Debug|Any CPU
		{A5587F93-D50E-4EF4-84E9-1BA4020B7D66}.Debug|Any CPU.Build.0 = Debug|Any CPU
		{A5587F93-D50E-4EF4-84E9-1BA4020B7D66}.Release|Any CPU.ActiveCfg = Release|Any CPU
		{A5587F93-D50E-4EF4-84E9-1BA4020B7D66}.Release|Any CPU.Build.0 = Release|Any CPU
	EndGlobalSection
	GlobalSection(SolutionProperties) = preSolution
		HideSolutionNode = FALSE
	EndGlobalSection
	GlobalSection(ExtensibilityGlobals) = postSolution
		SolutionGuid = {EDF4884F-DAA1-4CA3-950C-AB5DCD3FA36E}
	EndGlobalSection
EndGlobal
